
Microsoft Visual Studio Solution File, Format Version 12.00
# Visual Studio Version 16
VisualStudioVersion = 16.0.31229.75
MinimumVisualStudioVersion = 10.0.40219.1
Project("{FAE04EC0-301F-11D3-BF4B-00C04F79EFBC}") = "Unbugit", "Unbugit.csproj", "{2EBA19FC-94A5-428E-8D88-A72E738073FE}"
EndProject
Global
	GlobalSection(SolutionConfigurationPlatforms) = preSolution
		Debug|Any CPU = Debug|Any CPU
		Release|Any CPU = Release|Any CPU
	EndGlobalSection
	GlobalSection(ProjectConfigurationPlatforms) = postSolution
		{2EBA19FC-94A5-428E-8D88-A72E738073FE}.Debug|Any CPU.ActiveCfg = Debug|Any CPU
		{2EBA19FC-94A5-428E-8D88-A72E738073FE}.Debug|Any CPU.Build.0 = Debug|Any CPU
		{2EBA19FC-94A5-428E-8D88-A72E738073FE}.Release|Any CPU.ActiveCfg = Release|Any CPU
		{2EBA19FC-94A5-428E-8D88-A72E738073FE}.Release|Any CPU.Build.0 = Release|Any CPU
	EndGlobalSection
	GlobalSection(SolutionProperties) = preSolution
		HideSolutionNode = FALSE
	EndGlobalSection
	GlobalSection(ExtensibilityGlobals) = postSolution
		SolutionGuid = {71E5F9BF-FB47-418A-8BE4-6F2B2AE4767A}
	EndGlobalSection
EndGlobal
